github.com/go-element/element v0.5.5-0.20250924223137-506625d78bfc h1:xtNZk4sjtjct3InOaNWSI6v3fMg54TDnVNfBqbcGt34=
github.com/go-element/element v0.5.5-0.20250924223137-506625d78bfc/go.mod h1:fVHzn0h39FckdI1U/0fS9T/tMZzhdwt0kry4RYnQWzU=
github.com/go-rweb/assert v0.1.3-0.20250925000455-2944aeee18c4 h1:aiUhY+S/0WD+VQYCse4wqic4DHllGR1wu3nKJjPlIPE=
github.com/go-rweb/assert v0.1.3-0.20250925000455-2944aeee18c4/go.mod h1:Zyc+pWxT3lHTHwECUNuiCQH/jM/HZnFt18ZkdJGea38=
github.com/go-serr/serr v1.2.19-0.20250924215434-949aa066bad9 h1:Mv51pKQlroueOPO8oY9MIydmnqfdMvPr3gq6nVUPCtc=
github.com/go-serr/serr v1.2.19-0.20250924215434-949aa066bad9/go.mod h1:65lxaWGs99KFw1NYOws7MsF2lO17V9HB3M1YqEXjJPU=
